
Microsoft Visual Studio Solution File, Format Version 12.00
# Visual Studio Version 17
VisualStudioVersion = 17.14.36414.22 d17.14
MinimumVisualStudioVersion = 10.0.40219.1
Project("{FAE04EC0-301F-11D3-BF4B-00C04F79EFBC}") = "BigSchool", "BigSchool\BigSchool.csproj", "{337905D8-BE7A-4A32-B50F-9D61D5F34F73}"
EndProject
Global
	GlobalSection(SolutionConfigurationPlatforms) = preSolution
		Debug|Any CPU = Debug|Any CPU
		Release|Any CPU = Release|Any CPU
	EndGlobalSection
	GlobalSection(ProjectConfigurationPlatforms) = postSolution
		{337905D8-BE7A-4A32-B50F-9D61D5F34F73}.Debug|Any CPU.ActiveCfg = Debug|Any CPU
		{337905D8-BE7A-4A32-B50F-9D61D5F34F73}.Debug|Any CPU.Build.0 = Debug|Any CPU
		{337905D8-BE7A-4A32-B50F-9D61D5F34F73}.Release|Any CPU.ActiveCfg = Release|Any CPU
		{337905D8-BE7A-4A32-B50F-9D61D5F34F73}.Release|Any CPU.Build.0 = Release|Any CPU
	EndGlobalSection
	GlobalSection(SolutionProperties) = preSolution
		HideSolutionNode = FALSE
	EndGlobalSection
	GlobalSection(ExtensibilityGlobals) = postSolution
		SolutionGuid = {DE7703ED-06A3-4C76-B40F-179ADE9E7E72}
	EndGlobalSection
EndGlobal
